
Microsoft Visual Studio Solution File, Format Version 12.00
# Visual Studio Version 17
VisualStudioVersion = 17.13.35931.197 d17.13
MinimumVisualStudioVersion = 10.0.40219.1
Project("{FAE04EC0-301F-11D3-BF4B-00C04F79EFBC}") = "CinematicCamera", "CinematicCamera\CinematicCamera.csproj", "{A1037D4D-B8AA-4E06-A09E-FDFCCF82E77D}"
EndProject
Global
	GlobalSection(SolutionConfigurationPlatforms) = preSolution
		Debug|Any CPU = Debug|Any CPU
		Release|Any CPU = Release|Any CPU
	EndGlobalSection
	GlobalSection(ProjectConfigurationPlatforms) = postSolution
		{A1037D4D-B8AA-4E06-A09E-FDFCCF82E77D}.Debug|Any CPU.ActiveCfg = Release|Any CPU
		{A1037D4D-B8AA-4E06-A09E-FDFCCF82E77D}.Debug|Any CPU.Build.0 = Release|Any CPU
		{A1037D4D-B8AA-4E06-A09E-FDFCCF82E77D}.Release|Any CPU.ActiveCfg = Release|Any CPU
		{A1037D4D-B8AA-4E06-A09E-FDFCCF82E77D}.Release|Any CPU.Build.0 = Release|Any CPU
	EndGlobalSection
	GlobalSection(SolutionProperties) = preSolution
		HideSolutionNode = FALSE
	EndGlobalSection
	GlobalSection(ExtensibilityGlobals) = postSolution
		SolutionGuid = {8B0DCF05-6E36-411F-A723-831506BA33B8}
	EndGlobalSection
EndGlobal
